
Microsoft Visual Studio Solution File, Format Version 12.00
# Visual Studio Version 17
VisualStudioVersion = 17.6.33829.357
MinimumVisualStudioVersion = 10.0.40219.1
Project("{FAE04EC0-301F-11D3-BF4B-00C04F79EFBC}") = "ApplicationModel", "ApplicationModel\ApplicationModel.csproj", "{110ACE3C-65B7-4053-8CA4-7D32F642FDA1}"
EndProject
Project("{FAE04EC0-301F-11D3-BF4B-00C04F79EFBC}") = "VishwaDockLibNew", "VishwaDockLibNew\VishwaDockLibNew.csproj", "{0197A6D0-A38D-4FAF-8D96-F3CCD0BDB6B3}"
EndProject
Global
	GlobalSection(SolutionConfigurationPlatforms) = preSolution
		Debug|Any CPU = Debug|Any CPU
		Release|Any CPU = Release|Any CPU
	EndGlobalSection
	GlobalSection(ProjectConfigurationPlatforms) = postSolution
		{110ACE3C-65B7-4053-8CA4-7D32F642FDA1}.Debug|Any CPU.ActiveCfg = Debug|Any CPU
		{110ACE3C-65B7-4053-8CA4-7D32F642FDA1}.Debug|Any CPU.Build.0 = Debug|Any CPU
		{110ACE3C-65B7-4053-8CA4-7D32F642FDA1}.Release|Any CPU.ActiveCfg = Release|Any CPU
		{110ACE3C-65B7-4053-8CA4-7D32F642FDA1}.Release|Any CPU.Build.0 = Release|Any CPU
		{0197A6D0-A38D-4FAF-8D96-F3CCD0BDB6B3}.Debug|Any CPU.ActiveCfg = Debug|Any CPU
		{0197A6D0-A38D-4FAF-8D96-F3CCD0BDB6B3}.Debug|Any CPU.Build.0 = Debug|Any CPU
		{0197A6D0-A38D-4FAF-8D96-F3CCD0BDB6B3}.Release|Any CPU.ActiveCfg = Release|Any CPU
		{0197A6D0-A38D-4FAF-8D96-F3CCD0BDB6B3}.Release|Any CPU.Build.0 = Release|Any CPU
	EndGlobalSection
	GlobalSection(SolutionProperties) = preSolution
		HideSolutionNode = FALSE
	EndGlobalSection
	GlobalSection(ExtensibilityGlobals) = postSolution
		SolutionGuid = {85D826A0-787E-4523-BDC9-AC8F2DBBA896}
	EndGlobalSection
EndGlobal
